
Microsoft Visual Studio Solution File, Format Version 12.00
# Visual Studio Version 17
VisualStudioVersion = 17.6.33717.318
MinimumVisualStudioVersion = 10.0.40219.1
Project("{9A19103F-16F7-4668-BE54-9A1E7A4F7556}") = "onnx_integration.wpf", "onnx_integration.wpf\onnx_integration.wpf.csproj", "{4F354CCF-DB2C-444E-A900-0EB9BF08AE8B}"
EndProject
Global
	GlobalSection(SolutionConfigurationPlatforms) = preSolution
		Debug|Any CPU = Debug|Any CPU
		Release|Any CPU = Release|Any CPU
	EndGlobalSection
	GlobalSection(ProjectConfigurationPlatforms) = postSolution
		{4F354CCF-DB2C-444E-A900-0EB9BF08AE8B}.Debug|Any CPU.ActiveCfg = Debug|Any CPU
		{4F354CCF-DB2C-444E-A900-0EB9BF08AE8B}.Debug|Any CPU.Build.0 = Debug|Any CPU
		{4F354CCF-DB2C-444E-A900-0EB9BF08AE8B}.Release|Any CPU.ActiveCfg = Release|Any CPU
		{4F354CCF-DB2C-444E-A900-0EB9BF08AE8B}.Release|Any CPU.Build.0 = Release|Any CPU
	EndGlobalSection
	GlobalSection(SolutionProperties) = preSolution
		HideSolutionNode = FALSE
	EndGlobalSection
	GlobalSection(ExtensibilityGlobals) = postSolution
		SolutionGuid = {52A6D221-47DC-4A5D-B7D8-9C8312A295CA}
	EndGlobalSection
EndGlobal
